
Microsoft Visual Studio Solution File, Format Version 12.00
# Visual Studio Version 16
VisualStudioVersion = 16.0.30611.23
MinimumVisualStudioVersion = 10.0.40219.1
Project("{FAE04EC0-301F-11D3-BF4B-00C04F79EFBC}") = "FindMaximumProblemUsingGenerics", "FindMaximumProblemUsingGenerics\FindMaximumProblemUsingGenerics.csproj", "{418750A7-5DE9-4FD8-A0F1-ACB8969F6065}"
EndProject
Project("{FAE04EC0-301F-11D3-BF4B-00C04F79EFBC}") = "MaximumNumberCheckTest", "MaximumNumberCheckTest\MaximumNumberCheckTest.csproj", "{FA523448-D635-49C0-BCDE-432D53ED2FDF}"
EndProject
Global
	GlobalSection(SolutionConfigurationPlatforms) = preSolution
		Debug|Any CPU = Debug|Any CPU
		Release|Any CPU = Release|Any CPU
	EndGlobalSection
	GlobalSection(ProjectConfigurationPlatforms) = postSolution
		{418750A7-5DE9-4FD8-A0F1-ACB8969F6065}.Debug|Any CPU.ActiveCfg = Debug|Any CPU
		{418750A7-5DE9-4FD8-A0F1-ACB8969F6065}.Debug|Any CPU.Build.0 = Debug|Any CPU
		{418750A7-5DE9-4FD8-A0F1-ACB8969F6065}.Release|Any CPU.ActiveCfg = Release|Any CPU
		{418750A7-5DE9-4FD8-A0F1-ACB8969F6065}.Release|Any CPU.Build.0 = Release|Any CPU
		{FA523448-D635-49C0-BCDE-432D53ED2FDF}.Debug|Any CPU.ActiveCfg = Debug|Any CPU
		{FA523448-D635-49C0-BCDE-432D53ED2FDF}.Debug|Any CPU.Build.0 = Debug|Any CPU
		{FA523448-D635-49C0-BCDE-432D53ED2FDF}.Release|Any CPU.ActiveCfg = Release|Any CPU
		{FA523448-D635-49C0-BCDE-432D53ED2FDF}.Release|Any CPU.Build.0 = Release|Any CPU
	EndGlobalSection
	GlobalSection(SolutionProperties) = preSolution
		HideSolutionNode = FALSE
	EndGlobalSection
	GlobalSection(ExtensibilityGlobals) = postSolution
		SolutionGuid = {F4859EF6-F50B-4760-AB14-62F2CF6059DD}
	EndGlobalSection
EndGlobal
